format_version: "0.1"
dependencies:
  ndf:
    uri: https://github.com/PTO-ISA/normative_language.git
    revision: ed356980ce7ecb2e8482902988d5012fb54058b3
    path: tools/ndf
  pto-spec:
    uri: https://github.com/PTO-ISA/pto-spec.git
    revision: 3c1657c43d212d0cd8a2c3c017da4ad42bec0112
    path: vendor/pto-spec
