format_version: "0.1"
dependencies:
  ndf:
    uri: https://github.com/PTO-ISA/normative_language.git
    revision: ed356980ce7ecb2e8482902988d5012fb54058b3
    path: tools/ndf
  pto-spec:
    uri: https://github.com/PTO-ISA/pto-spec.git
    revision: c71674802cad2f5db45a195b878a9bd05993b3d7
    path: vendor/pto-spec
